
Microsoft Visual Studio Solution File, Format Version 12.00
# Visual Studio Version 17
VisualStudioVersion = 17.1.32421.90
MinimumVisualStudioVersion = 10.0.40219.1
Project("{FAE04EC0-301F-11D3-BF4B-00C04F79EFBC}") = "ProjectEuler20", "ProjectEuler20\ProjectEuler20.csproj", "{9E0F29C2-1B94-4E01-94BF-72D7E1FF4C7E}"
EndProject
Global
	GlobalSection(SolutionConfigurationPlatforms) = preSolution
		Debug|Any CPU = Debug|Any CPU
		Release|Any CPU = Release|Any CPU
	EndGlobalSection
	GlobalSection(ProjectConfigurationPlatforms) = postSolution
		{9E0F29C2-1B94-4E01-94BF-72D7E1FF4C7E}.Debug|Any CPU.ActiveCfg = Debug|Any CPU
		{9E0F29C2-1B94-4E01-94BF-72D7E1FF4C7E}.Debug|Any CPU.Build.0 = Debug|Any CPU
		{9E0F29C2-1B94-4E01-94BF-72D7E1FF4C7E}.Release|Any CPU.ActiveCfg = Release|Any CPU
		{9E0F29C2-1B94-4E01-94BF-72D7E1FF4C7E}.Release|Any CPU.Build.0 = Release|Any CPU
	EndGlobalSection
	GlobalSection(SolutionProperties) = preSolution
		HideSolutionNode = FALSE
	EndGlobalSection
	GlobalSection(ExtensibilityGlobals) = postSolution
		SolutionGuid = {9A155B58-8CFC-47DE-9EB4-936D564B19FF}
	EndGlobalSection
EndGlobal
